
Microsoft Visual Studio Solution File, Format Version 12.00
# Visual Studio Version 17
VisualStudioVersion = 17.1.32228.430
MinimumVisualStudioVersion = 10.0.40219.1
Project("{FAE04EC0-301F-11D3-BF4B-00C04F79EFBC}") = "THSensor", "THSensor\THSensor.csproj", "{03AF7B6C-BE20-436F-8FDA-48C3B32DE4EF}"
EndProject
Project("{2150E333-8FDC-42A3-9474-1A3956D46DE8}") = "Solution Items", "Solution Items", "{655DE900-4E54-4CBB-B9BD-0AD604C51B90}"
	ProjectSection(SolutionItems) = preProject
		README.md = README.md
	EndProjectSection
EndProject
Global
	GlobalSection(SolutionConfigurationPlatforms) = preSolution
		Debug|Any CPU = Debug|Any CPU
		Release|Any CPU = Release|Any CPU
	EndGlobalSection
	GlobalSection(ProjectConfigurationPlatforms) = postSolution
		{03AF7B6C-BE20-436F-8FDA-48C3B32DE4EF}.Debug|Any CPU.ActiveCfg = Debug|Any CPU
		{03AF7B6C-BE20-436F-8FDA-48C3B32DE4EF}.Debug|Any CPU.Build.0 = Debug|Any CPU
		{03AF7B6C-BE20-436F-8FDA-48C3B32DE4EF}.Release|Any CPU.ActiveCfg = Release|Any CPU
		{03AF7B6C-BE20-436F-8FDA-48C3B32DE4EF}.Release|Any CPU.Build.0 = Release|Any CPU
	EndGlobalSection
	GlobalSection(SolutionProperties) = preSolution
		HideSolutionNode = FALSE
	EndGlobalSection
	GlobalSection(ExtensibilityGlobals) = postSolution
		SolutionGuid = {15B6F502-35EE-4CEA-A12C-78A3D0890C2B}
	EndGlobalSection
EndGlobal
